// !$*UTF8*$!
{
	archiveVersion = 1;
	classes = {
	};
	objectVersion = 77;
	objects = {

/* Begin PBXBuildFile section */
		8208623E2ECAA97200D08D17 /* Assets.xcassets in Resources */ = {isa = PBXBuildFile; fileRef = 8208623D2ECAA97200D08D17 /* Assets.xcassets */; };
		82250C2A2EA34BF20023B10D /* RootTabView.swift in Sources */ = {isa = PBXBuildFile; fileRef = 82250BFC2EA34BF20023B10D /* RootTabView.swift */; };
		82250C2B2EA34BF20023B10D /* CompositionRoot.swift in Sources */ = {isa = PBXBuildFile; fileRef = 82250BDB2EA34BF20023B10D /* CompositionRoot.swift */; };
		82250C2C2EA34BF20023B10D /* AuthRepository.swift in Sources */ = {isa = PBXBuildFile; fileRef = 82250BE82EA34BF20023B10D /* AuthRepository.swift */; };
		82250C2D2EA34BF20023B10D /* AuthViewModel.swift in Sources */ = {isa = PBXBuildFile; fileRef = 82250BEC2EA34BF20023B10D /* AuthViewModel.swift */; };
		82250C2E2EA34BF20023B10D /* Environment.swift in Sources */ = {isa = PBXBuildFile; fileRef = 82250BDD2EA34BF20023B10D /* Environment.swift */; };
		82250C2F2EA34BF20023B10D /* HomeView.swift in Sources */ = {isa = PBXBuildFile; fileRef = 82250BFA2EA34BF20023B10D /* HomeView.swift */; };
		82250C332EA34BF20023B10D /* AuthUseCases.swift in Sources */ = {isa = PBXBuildFile; fileRef = 82250BEA2EA34BF20023B10D /* AuthUseCases.swift */; };
		82250C342EA34BF20023B10D /* SettingsView.swift in Sources */ = {isa = PBXBuildFile; fileRef = 82250BFD2EA34BF20023B10D /* SettingsView.swift */; };
		82250C352EA34BF20023B10D /* APIClient.swift in Sources */ = {isa = PBXBuildFile; fileRef = 82250BE12EA34BF20023B10D /* APIClient.swift */; };
		82250C372EA34BF20023B10D /* LoginView.swift in Sources */ = {isa = PBXBuildFile; fileRef = 82250BFB2EA34BF20023B10D /* LoginView.swift */; };
		82250C382EA34BF20023B10D /* ChatterboxApp.swift in Sources */ = {isa = PBXBuildFile; fileRef = 82250BDA2EA34BF20023B10D /* ChatterboxApp.swift */; };
		82250C392EA34BF20023B10D /* Strings.swift in Sources */ = {isa = PBXBuildFile; fileRef = 82250BDF2EA34BF20023B10D /* Strings.swift */; };
		82250C3A2EA34BF20023B10D /* TokenManager.swift in Sources */ = {isa = PBXBuildFile; fileRef = 82250BE32EA34BF20023B10D /* TokenManager.swift */; };
		82250C3B2EA34BF20023B10D /* AuthDTOs.swift in Sources */ = {isa = PBXBuildFile; fileRef = 82250BE62EA34BF20023B10D /* AuthDTOs.swift */; };
		82250C3D2EA34BF20023B10D /* Localizable.strings in Resources */ = {isa = PBXBuildFile; fileRef = 82250BF32EA34BF20023B10D /* Localizable.strings */; };
		82A001002EFF000000000001 /* ProfileDTOs.swift in Sources */ = {isa = PBXBuildFile; fileRef = 82A0010F2EFF000000000001 /* ProfileDTOs.swift */; };
		82A001012EFF000000000001 /* AccountRepository.swift in Sources */ = {isa = PBXBuildFile; fileRef = 82A001102EFF000000000001 /* AccountRepository.swift */; };
		82A001022EFF000000000001 /* SettingsViewModel.swift in Sources */ = {isa = PBXBuildFile; fileRef = 82A001112EFF000000000001 /* SettingsViewModel.swift */; };
		82A001172EFF000000000002 /* CueDTOs.swift in Sources */ = {isa = PBXBuildFile; fileRef = 82A001122EFF000000000002 /* CueDTOs.swift */; };
		82A001182EFF000000000002 /* CueRepository.swift in Sources */ = {isa = PBXBuildFile; fileRef = 82A001132EFF000000000002 /* CueRepository.swift */; };
		82A001192EFF000000000002 /* ActiveProfileHelper.swift in Sources */ = {isa = PBXBuildFile; fileRef = 82A001142EFF000000000002 /* ActiveProfileHelper.swift */; };
		82A0011A2EFF000000000002 /* HomeViewModel.swift in Sources */ = {isa = PBXBuildFile; fileRef = 82A001152EFF000000000002 /* HomeViewModel.swift */; };
		82A0011B2EFF000000000002 /* CueDetailView.swift in Sources */ = {isa = PBXBuildFile; fileRef = 82A001162EFF000000000002 /* CueDetailView.swift */; };
		82AUDIO012FFF000000000001 /* AudioRecorder.swift in Sources */ = {isa = PBXBuildFile; fileRef = 82AUDIO022FFF000000000001 /* AudioRecorder.swift */; };
		82AUDIO032FFF000000000001 /* AudioPlayer.swift in Sources */ = {isa = PBXBuildFile; fileRef = 82AUDIO042FFF000000000001 /* AudioPlayer.swift */; };
		82AUDIO052FFF000000000001 /* AudioPlaybackCoordinator.swift in Sources */ = {isa = PBXBuildFile; fileRef = 82AUDIO062FFF000000000001 /* AudioPlaybackCoordinator.swift */; };
		82B37D7C2EE51873007CD37D /* SessionManager.swift in Sources */ = {isa = PBXBuildFile; fileRef = 82B37D7B2EE51873007CD37D /* SessionManager.swift */; };
		82B37D7E2EE58FE0007CD37D /* RecordingDTOs.swift in Sources */ = {isa = PBXBuildFile; fileRef = 82B37D7D2EE58FE0007CD37D /* RecordingDTOs.swift */; };
		82B37D802EE58FF6007CD37D /* RecordingRepository.swift in Sources */ = {isa = PBXBuildFile; fileRef = 82B37D7F2EE58FF6007CD37D /* RecordingRepository.swift */; };
		82B37D822EE59023007CD37D /* HistoryViewModel.swift in Sources */ = {isa = PBXBuildFile; fileRef = 82B37D812EE59023007CD37D /* HistoryViewModel.swift */; };
		82B37D882EE5904E007CD37D /* HistoryView.swift in Sources */ = {isa = PBXBuildFile; fileRef = 82B37D862EE5904E007CD37D /* HistoryView.swift */; };
		82B37D892EE5904E007CD37D /* AudioPlayerView.swift in Sources */ = {isa = PBXBuildFile; fileRef = 82B37D852EE5904E007CD37D /* AudioPlayerView.swift */; };
		82B37D8A2EE5904E007CD37D /* RecordingHistoryCardView.swift in Sources */ = {isa = PBXBuildFile; fileRef = 82B37D872EE5904E007CD37D /* RecordingHistoryCardView.swift */; };
		82B37D8C2EE59B2F007CD37D /* CueDetailViewModel.swift in Sources */ = {isa = PBXBuildFile; fileRef = 82B37D8B2EE59B2F007CD37D /* CueDetailViewModel.swift */; };
		82B37D902EE59BC7007CD37D /* RecordingControlView.swift in Sources */ = {isa = PBXBuildFile; fileRef = 82B37D8F2EE59BC7007CD37D /* RecordingControlView.swift */; };
		82CACHE012FFF000000000001 /* CacheManager.swift in Sources */ = {isa = PBXBuildFile; fileRef = 82CACHE022FFF000000000001 /* CacheManager.swift */; };
		82CACHE032FFF000000000001 /* CachedCueRepository.swift in Sources */ = {isa = PBXBuildFile; fileRef = 82CACHE042FFF000000000001 /* CachedCueRepository.swift */; };
		82CACHE052FFF000000000001 /* CachedRecordingRepository.swift in Sources */ = {isa = PBXBuildFile; fileRef = 82CACHE062FFF000000000001 /* CachedRecordingRepository.swift */; };
		82COMP012FFF000000000001 /* Card.swift in Sources */ = {isa = PBXBuildFile; fileRef = 82COMP022FFF000000000001 /* Card.swift */; };
		82COMP032FFF000000000001 /* Badge.swift in Sources */ = {isa = PBXBuildFile; fileRef = 82COMP042FFF000000000001 /* Badge.swift */; };
		82COMP052FFF000000000001 /* EmptyState.swift in Sources */ = {isa = PBXBuildFile; fileRef = 82COMP062FFF000000000001 /* EmptyState.swift */; };
		82COMP072FFF000000000001 /* FormTextField.swift in Sources */ = {isa = PBXBuildFile; fileRef = 82COMP082FFF000000000001 /* FormTextField.swift */; };
		82CUEHIS12FFF000000000001 /* CueHistoryView.swift in Sources */ = {isa = PBXBuildFile; fileRef = 82CUEHIS02FFF000000000001 /* CueHistoryView.swift */; };
		82CUEHVM12FFF000000000001 /* CueHistoryViewModel.swift in Sources */ = {isa = PBXBuildFile; fileRef = 82CUEHVM02FFF000000000001 /* CueHistoryViewModel.swift */; };
		82D5A0012F0E000000000001 /* DesignSystem.swift in Sources */ = {isa = PBXBuildFile; fileRef = 82D5A0002F0E000000000001 /* DesignSystem.swift */; };
		82FFF0012FFF000000000001 /* FeatureFlag.swift in Sources */ = {isa = PBXBuildFile; fileRef = 82FFF0042FFF000000000001 /* FeatureFlag.swift */; };
		82FFF0022FFF000000000001 /* RuntimeConfig.swift in Sources */ = {isa = PBXBuildFile; fileRef = 82FFF0052FFF000000000001 /* RuntimeConfig.swift */; };
		82FFF0032FFF000000000001 /* RuntimeConfigProvider.swift in Sources */ = {isa = PBXBuildFile; fileRef = 82FFF0062FFF000000000001 /* RuntimeConfigProvider.swift */; };
		82FFF0072FFF000000000001 /* NetworkLogStore.swift in Sources */ = {isa = PBXBuildFile; fileRef = 82FFF0082FFF000000000001 /* NetworkLogStore.swift */; };
		82FFF00B2FFF000000000001 /* DeepLinkParser.swift in Sources */ = {isa = PBXBuildFile; fileRef = 82FFF00C2FFF000000000001 /* DeepLinkParser.swift */; };
		82FFF0142FFF000000000001 /* Log.swift in Sources */ = {isa = PBXBuildFile; fileRef = 82FFF0162FFF000000000001 /* Log.swift */; };
		82FFF0152FFF000000000001 /* Analytics.swift in Sources */ = {isa = PBXBuildFile; fileRef = 82FFF0172FFF000000000001 /* Analytics.swift */; };
		82FFF01C2FFF000000000001 /* Spacing.swift in Sources */ = {isa = PBXBuildFile; fileRef = 82FFF0182FFF000000000001 /* Spacing.swift */; };
		82FFF01D2FFF000000000001 /* Typography.swift in Sources */ = {isa = PBXBuildFile; fileRef = 82FFF0192FFF000000000001 /* Typography.swift */; };
		82FFF01F2FFF000000000001 /* Endpoints.swift in Sources */ = {isa = PBXBuildFile; fileRef = 82FFF00A2FFF000000000001 /* Endpoints.swift */; };
		82FFF0202FFF000000000001 /* AppCoordinator.swift in Sources */ = {isa = PBXBuildFile; fileRef = 82FFF01A2FFF000000000001 /* AppCoordinator.swift */; };
		82FFF0212FFF000000000001 /* LocalizationProvider.swift in Sources */ = {isa = PBXBuildFile; fileRef = 82FFF01B2FFF000000000001 /* LocalizationProvider.swift */; };
		82RECDTL12FFF000000000001 /* RecordingDetailView.swift in Sources */ = {isa = PBXBuildFile; fileRef = 82RECDTL02FFF000000000001 /* RecordingDetailView.swift */; };
		82RECDVM12FFF000000000001 /* RecordingDetailViewModel.swift in Sources */ = {isa = PBXBuildFile; fileRef = 82RECDVM02FFF000000000001 /* RecordingDetailViewModel.swift */; };
		82REPORT32FFF000000000001 /* RecordingReportView.swift in Sources */ = {isa = PBXBuildFile; fileRef = 82REPORT42FFF000000000001 /* RecordingReportView.swift */; };
/* End PBXBuildFile section */

/* Begin PBXFileReference section */
		8208623D2ECAA97200D08D17 /* Assets.xcassets */ = {isa = PBXFileReference; lastKnownFileType = folder.assetcatalog; path = Assets.xcassets; sourceTree = "<group>"; };
		82174F972EA3B9E0007AEF26 /* architecture.md */ = {isa = PBXFileReference; lastKnownFileType = net.daringfireball.markdown; path = architecture.md; sourceTree = "<group>"; };
		82174F982EA3B9E0007AEF26 /* auth.md */ = {isa = PBXFileReference; lastKnownFileType = net.daringfireball.markdown; path = auth.md; sourceTree = "<group>"; };
		82174F9D2EA42509007AEF26 /* Chatterbox-Info.plist */ = {isa = PBXFileReference; lastKnownFileType = text.plist; path = "Chatterbox-Info.plist"; sourceTree = "<group>"; };
		82250BAC2EA34A1B0023B10D /* Chatterbox.app */ = {isa = PBXFileReference; explicitFileType = wrapper.application; includeInIndex = 0; path = Chatterbox.app; sourceTree = BUILT_PRODUCTS_DIR; };
		82250BDA2EA34BF20023B10D /* ChatterboxApp.swift */ = {isa = PBXFileReference; lastKnownFileType = sourcecode.swift; path = ChatterboxApp.swift; sourceTree = "<group>"; };
		82250BDB2EA34BF20023B10D /* CompositionRoot.swift */ = {isa = PBXFileReference; lastKnownFileType = sourcecode.swift; path = CompositionRoot.swift; sourceTree = "<group>"; };
		82250BDD2EA34BF20023B10D /* Environment.swift */ = {isa = PBXFileReference; lastKnownFileType = sourcecode.swift; path = Environment.swift; sourceTree = "<group>"; };
		82250BDF2EA34BF20023B10D /* Strings.swift */ = {isa = PBXFileReference; lastKnownFileType = sourcecode.swift; path = Strings.swift; sourceTree = "<group>"; };
		82250BE12EA34BF20023B10D /* APIClient.swift */ = {isa = PBXFileReference; lastKnownFileType = sourcecode.swift; path = APIClient.swift; sourceTree = "<group>"; };
		82250BE32EA34BF20023B10D /* TokenManager.swift */ = {isa = PBXFileReference; lastKnownFileType = sourcecode.swift; path = TokenManager.swift; sourceTree = "<group>"; };
		82250BE62EA34BF20023B10D /* AuthDTOs.swift */ = {isa = PBXFileReference; lastKnownFileType = sourcecode.swift; path = AuthDTOs.swift; sourceTree = "<group>"; };
		82250BE82EA34BF20023B10D /* AuthRepository.swift */ = {isa = PBXFileReference; lastKnownFileType = sourcecode.swift; path = AuthRepository.swift; sourceTree = "<group>"; };
		82250BEA2EA34BF20023B10D /* AuthUseCases.swift */ = {isa = PBXFileReference; lastKnownFileType = sourcecode.swift; path = AuthUseCases.swift; sourceTree = "<group>"; };
		82250BEC2EA34BF20023B10D /* AuthViewModel.swift */ = {isa = PBXFileReference; lastKnownFileType = sourcecode.swift; path = AuthViewModel.swift; sourceTree = "<group>"; };
		82250BF12EA34BF20023B10D /* README.md */ = {isa = PBXFileReference; lastKnownFileType = net.daringfireball.markdown; path = README.md; sourceTree = SOURCE_ROOT; };
		82250BF22EA34BF20023B10D /* en */ = {isa = PBXFileReference; lastKnownFileType = text.plist.strings; name = en; path = Resources/Strings/en.lproj/Localizable.strings; sourceTree = SOURCE_ROOT; };
		82250BFA2EA34BF20023B10D /* HomeView.swift */ = {isa = PBXFileReference; lastKnownFileType = sourcecode.swift; path = HomeView.swift; sourceTree = "<group>"; };
		82250BFB2EA34BF20023B10D /* LoginView.swift */ = {isa = PBXFileReference; lastKnownFileType = sourcecode.swift; path = LoginView.swift; sourceTree = "<group>"; };
		82250BFC2EA34BF20023B10D /* RootTabView.swift */ = {isa = PBXFileReference; lastKnownFileType = sourcecode.swift; path = RootTabView.swift; sourceTree = "<group>"; };
		82250BFD2EA34BF20023B10D /* SettingsView.swift */ = {isa = PBXFileReference; lastKnownFileType = sourcecode.swift; path = SettingsView.swift; sourceTree = "<group>"; };
		829F04342EA9C4B800E2A8F6 /* Chatterbox.entitlements */ = {isa = PBXFileReference; lastKnownFileType = text.plist.entitlements; path = Chatterbox.entitlements; sourceTree = "<group>"; };
		82A0010F2EFF000000000001 /* ProfileDTOs.swift */ = {isa = PBXFileReference; lastKnownFileType = sourcecode.swift; path = ProfileDTOs.swift; sourceTree = "<group>"; };
		82A001102EFF000000000001 /* AccountRepository.swift */ = {isa = PBXFileReference; lastKnownFileType = sourcecode.swift; path = AccountRepository.swift; sourceTree = "<group>"; };
		82A001112EFF000000000001 /* SettingsViewModel.swift */ = {isa = PBXFileReference; lastKnownFileType = sourcecode.swift; path = SettingsViewModel.swift; sourceTree = "<group>"; };
		82A001122EFF000000000002 /* CueDTOs.swift */ = {isa = PBXFileReference; lastKnownFileType = sourcecode.swift; path = CueDTOs.swift; sourceTree = "<group>"; };
		82A001132EFF000000000002 /* CueRepository.swift */ = {isa = PBXFileReference; lastKnownFileType = sourcecode.swift; path = CueRepository.swift; sourceTree = "<group>"; };
		82A001142EFF000000000002 /* ActiveProfileHelper.swift */ = {isa = PBXFileReference; lastKnownFileType = sourcecode.swift; path = ActiveProfileHelper.swift; sourceTree = "<group>"; };
		82A001152EFF000000000002 /* HomeViewModel.swift */ = {isa = PBXFileReference; lastKnownFileType = sourcecode.swift; path = HomeViewModel.swift; sourceTree = "<group>"; };
		82A001162EFF000000000002 /* CueDetailView.swift */ = {isa = PBXFileReference; lastKnownFileType = sourcecode.swift; path = CueDetailView.swift; sourceTree = "<group>"; };
		82AUDIO022FFF000000000001 /* AudioRecorder.swift */ = {isa = PBXFileReference; lastKnownFileType = sourcecode.swift; path = AudioRecorder.swift; sourceTree = "<group>"; };
		82AUDIO042FFF000000000001 /* AudioPlayer.swift */ = {isa = PBXFileReference; lastKnownFileType = sourcecode.swift; path = AudioPlayer.swift; sourceTree = "<group>"; };
		82AUDIO062FFF000000000001 /* AudioPlaybackCoordinator.swift */ = {isa = PBXFileReference; lastKnownFileType = sourcecode.swift; path = AudioPlaybackCoordinator.swift; sourceTree = "<group>"; };
		82B37D7B2EE51873007CD37D /* SessionManager.swift */ = {isa = PBXFileReference; lastKnownFileType = sourcecode.swift; path = SessionManager.swift; sourceTree = "<group>"; };
		82B37D7D2EE58FE0007CD37D /* RecordingDTOs.swift */ = {isa = PBXFileReference; lastKnownFileType = sourcecode.swift; path = RecordingDTOs.swift; sourceTree = "<group>"; };
		82B37D7F2EE58FF6007CD37D /* RecordingRepository.swift */ = {isa = PBXFileReference; lastKnownFileType = sourcecode.swift; path = RecordingRepository.swift; sourceTree = "<group>"; };
		82B37D812EE59023007CD37D /* HistoryViewModel.swift */ = {isa = PBXFileReference; lastKnownFileType = sourcecode.swift; path = HistoryViewModel.swift; sourceTree = "<group>"; };
		82B37D852EE5904E007CD37D /* AudioPlayerView.swift */ = {isa = PBXFileReference; lastKnownFileType = sourcecode.swift; path = AudioPlayerView.swift; sourceTree = "<group>"; };
		82B37D862EE5904E007CD37D /* HistoryView.swift */ = {isa = PBXFileReference; lastKnownFileType = sourcecode.swift; path = HistoryView.swift; sourceTree = "<group>"; };
		82B37D872EE5904E007CD37D /* RecordingHistoryCardView.swift */ = {isa = PBXFileReference; lastKnownFileType = sourcecode.swift; path = RecordingHistoryCardView.swift; sourceTree = "<group>"; };
		82B37D8B2EE59B2F007CD37D /* CueDetailViewModel.swift */ = {isa = PBXFileReference; lastKnownFileType = sourcecode.swift; path = CueDetailViewModel.swift; sourceTree = "<group>"; };
		82B37D8F2EE59BC7007CD37D /* RecordingControlView.swift */ = {isa = PBXFileReference; lastKnownFileType = sourcecode.swift; path = RecordingControlView.swift; sourceTree = "<group>"; };
		82CACHE022FFF000000000001 /* CacheManager.swift */ = {isa = PBXFileReference; lastKnownFileType = sourcecode.swift; path = CacheManager.swift; sourceTree = "<group>"; };
		82CACHE042FFF000000000001 /* CachedCueRepository.swift */ = {isa = PBXFileReference; lastKnownFileType = sourcecode.swift; path = CachedCueRepository.swift; sourceTree = "<group>"; };
		82CACHE062FFF000000000001 /* CachedRecordingRepository.swift */ = {isa = PBXFileReference; lastKnownFileType = sourcecode.swift; path = CachedRecordingRepository.swift; sourceTree = "<group>"; };
		82COMP022FFF000000000001 /* Card.swift */ = {isa = PBXFileReference; lastKnownFileType = sourcecode.swift; path = Card.swift; sourceTree = "<group>"; };
		82COMP042FFF000000000001 /* Badge.swift */ = {isa = PBXFileReference; lastKnownFileType = sourcecode.swift; path = Badge.swift; sourceTree = "<group>"; };
		82COMP062FFF000000000001 /* EmptyState.swift */ = {isa = PBXFileReference; lastKnownFileType = sourcecode.swift; path = EmptyState.swift; sourceTree = "<group>"; };
		82COMP082FFF000000000001 /* FormTextField.swift */ = {isa = PBXFileReference; lastKnownFileType = sourcecode.swift; path = FormTextField.swift; sourceTree = "<group>"; };
		82CUEHIS02FFF000000000001 /* CueHistoryView.swift */ = {isa = PBXFileReference; lastKnownFileType = sourcecode.swift; path = CueHistoryView.swift; sourceTree = "<group>"; };
		82CUEHVM02FFF000000000001 /* CueHistoryViewModel.swift */ = {isa = PBXFileReference; lastKnownFileType = sourcecode.swift; path = CueHistoryViewModel.swift; sourceTree = "<group>"; };
		82D5A0002F0E000000000001 /* DesignSystem.swift */ = {isa = PBXFileReference; lastKnownFileType = sourcecode.swift; path = DesignSystem.swift; sourceTree = "<group>"; };
		82FFF0042FFF000000000001 /* FeatureFlag.swift */ = {isa = PBXFileReference; lastKnownFileType = sourcecode.swift; path = FeatureFlag.swift; sourceTree = "<group>"; };
		82FFF0052FFF000000000001 /* RuntimeConfig.swift */ = {isa = PBXFileReference; lastKnownFileType = sourcecode.swift; path = RuntimeConfig.swift; sourceTree = "<group>"; };
		82FFF0062FFF000000000001 /* RuntimeConfigProvider.swift */ = {isa = PBXFileReference; lastKnownFileType = sourcecode.swift; path = RuntimeConfigProvider.swift; sourceTree = "<group>"; };
		82FFF0082FFF000000000001 /* NetworkLogStore.swift */ = {isa = PBXFileReference; lastKnownFileType = sourcecode.swift; path = NetworkLogStore.swift; sourceTree = "<group>"; };
		82FFF00A2FFF000000000001 /* Endpoints.swift */ = {isa = PBXFileReference; lastKnownFileType = sourcecode.swift; path = Endpoints.swift; sourceTree = "<group>"; };
		82FFF00C2FFF000000000001 /* DeepLinkParser.swift */ = {isa = PBXFileReference; lastKnownFileType = sourcecode.swift; path = DeepLinkParser.swift; sourceTree = "<group>"; };
		82FFF0162FFF000000000001 /* Log.swift */ = {isa = PBXFileReference; lastKnownFileType = sourcecode.swift; path = Log.swift; sourceTree = "<group>"; };
		82FFF0172FFF000000000001 /* Analytics.swift */ = {isa = PBXFileReference; lastKnownFileType = sourcecode.swift; path = Analytics.swift; sourceTree = "<group>"; };
		82FFF0182FFF000000000001 /* Spacing.swift */ = {isa = PBXFileReference; lastKnownFileType = sourcecode.swift; path = Spacing.swift; sourceTree = "<group>"; };
		82FFF0192FFF000000000001 /* Typography.swift */ = {isa = PBXFileReference; lastKnownFileType = sourcecode.swift; path = Typography.swift; sourceTree = "<group>"; };
		82FFF01A2FFF000000000001 /* AppCoordinator.swift */ = {isa = PBXFileReference; lastKnownFileType = sourcecode.swift; path = AppCoordinator.swift; sourceTree = "<group>"; };
		82FFF01B2FFF000000000001 /* LocalizationProvider.swift */ = {isa = PBXFileReference; lastKnownFileType = sourcecode.swift; path = LocalizationProvider.swift; sourceTree = "<group>"; };
		82RECDTL02FFF000000000001 /* RecordingDetailView.swift */ = {isa = PBXFileReference; lastKnownFileType = sourcecode.swift; path = RecordingDetailView.swift; sourceTree = "<group>"; };
		82RECDVM02FFF000000000001 /* RecordingDetailViewModel.swift */ = {isa = PBXFileReference; lastKnownFileType = sourcecode.swift; path = RecordingDetailViewModel.swift; sourceTree = "<group>"; };
		82REPORT42FFF000000000001 /* RecordingReportView.swift */ = {isa = PBXFileReference; lastKnownFileType = sourcecode.swift; path = RecordingReportView.swift; sourceTree = "<group>"; };
/* End PBXFileReference section */

/* Begin PBXFrameworksBuildPhase section */
		82250BA92EA34A1B0023B10D /* Frameworks */ = {
			isa = PBXFrameworksBuildPhase;
			buildActionMask = 2147483647;
			files = (
			);
			runOnlyForDeploymentPostprocessing = 0;
		};
/* End PBXFrameworksBuildPhase section */

/* Begin PBXGroup section */
		82174F992EA3B9E0007AEF26 /* docs */ = {
			isa = PBXGroup;
			children = (
				82174F972EA3B9E0007AEF26 /* architecture.md */,
				82174F982EA3B9E0007AEF26 /* auth.md */,
			);
			path = docs;
			sourceTree = "<group>";
		};
		82250BA32EA34A1B0023B10D = {
			isa = PBXGroup;
			children = (
				829F04342EA9C4B800E2A8F6 /* Chatterbox.entitlements */,
				82174F9D2EA42509007AEF26 /* Chatterbox-Info.plist */,
				82174F992EA3B9E0007AEF26 /* docs */,
				82250BDC2EA34BF20023B10D /* App */,
				82250BE52EA34BF20023B10D /* Core */,
				82250BEF2EA34BF20023B10D /* Features */,
				82250BF12EA34BF20023B10D /* README.md */,
				82250BF52EA34BF20023B10D /* Resources */,
				82250BFF2EA34BF20023B10D /* UI */,
				82250BAD2EA34A1B0023B10D /* Products */,
			);
			sourceTree = "<group>";
		};
		82250BAD2EA34A1B0023B10D /* Products */ = {
			isa = PBXGroup;
			children = (
				82250BAC2EA34A1B0023B10D /* Chatterbox.app */,
			);
			name = Products;
			sourceTree = "<group>";
		};
		82250BDC2EA34BF20023B10D /* App */ = {
			isa = PBXGroup;
			children = (
				82250BDA2EA34BF20023B10D /* ChatterboxApp.swift */,
				82250BDB2EA34BF20023B10D /* CompositionRoot.swift */,
				82FFF01A2FFF000000000001 /* AppCoordinator.swift */,
			);
			path = App;
			sourceTree = SOURCE_ROOT;
		};
		82250BDE2EA34BF20023B10D /* Config */ = {
			isa = PBXGroup;
			children = (
				82250BDD2EA34BF20023B10D /* Environment.swift */,
				82FFF0042FFF000000000001 /* FeatureFlag.swift */,
				82FFF0052FFF000000000001 /* RuntimeConfig.swift */,
				82FFF0062FFF000000000001 /* RuntimeConfigProvider.swift */,
			);
			path = Config;
			sourceTree = "<group>";
		};
		82250BE02EA34BF20023B10D /* Localization */ = {
			isa = PBXGroup;
			children = (
				82250BDF2EA34BF20023B10D /* Strings.swift */,
				82FFF01B2FFF000000000001 /* LocalizationProvider.swift */,
			);
			path = Localization;
			sourceTree = "<group>";
		};
		82250BE22EA34BF20023B10D /* Networking */ = {
			isa = PBXGroup;
			children = (
				82250BE12EA34BF20023B10D /* APIClient.swift */,
				82FFF00A2FFF000000000001 /* Endpoints.swift */,
			);
			path = Networking;
			sourceTree = "<group>";
		};
		82250BE42EA34BF20023B10D /* Security */ = {
			isa = PBXGroup;
			children = (
				82B37D7B2EE51873007CD37D /* SessionManager.swift */,
				82250BE32EA34BF20023B10D /* TokenManager.swift */,
			);
			path = Security;
			sourceTree = "<group>";
		};
		82250BE52EA34BF20023B10D /* Core */ = {
			isa = PBXGroup;
			children = (
				82250BDE2EA34BF20023B10D /* Config */,
				82250BE02EA34BF20023B10D /* Localization */,
				82250BE22EA34BF20023B10D /* Networking */,
				82250BE42EA34BF20023B10D /* Security */,
				82FFF00D2FFF000000000001 /* DeepLink */,
				82FFF0092FFF000000000001 /* Observability */,
				82FFF0122FFF000000000001 /* Storage */,
				82FFF0132FFF000000000001 /* Audio */,
			);
			path = Core;
			sourceTree = SOURCE_ROOT;
		};
		82250BE72EA34BF20023B10D /* Models */ = {
			isa = PBXGroup;
			children = (
				82250BE62EA34BF20023B10D /* AuthDTOs.swift */,
				82A0010F2EFF000000000001 /* ProfileDTOs.swift */,
			);
			path = Models;
			sourceTree = "<group>";
		};
		82250BE92EA34BF20023B10D /* Repositories */ = {
			isa = PBXGroup;
			children = (
				82250BE82EA34BF20023B10D /* AuthRepository.swift */,
				82A001102EFF000000000001 /* AccountRepository.swift */,
			);
			path = Repositories;
			sourceTree = "<group>";
		};
		82250BEB2EA34BF20023B10D /* UseCases */ = {
			isa = PBXGroup;
			children = (
				82250BEA2EA34BF20023B10D /* AuthUseCases.swift */,
			);
			path = UseCases;
			sourceTree = "<group>";
		};
		82250BED2EA34BF20023B10D /* ViewModel */ = {
			isa = PBXGroup;
			children = (
				82250BEC2EA34BF20023B10D /* AuthViewModel.swift */,
				82A001112EFF000000000001 /* SettingsViewModel.swift */,
			);
			path = ViewModel;
			sourceTree = "<group>";
		};
		82250BEE2EA34BF20023B10D /* Auth */ = {
			isa = PBXGroup;
			children = (
				82250BE72EA34BF20023B10D /* Models */,
				82250BE92EA34BF20023B10D /* Repositories */,
				82250BEB2EA34BF20023B10D /* UseCases */,
				82250BED2EA34BF20023B10D /* ViewModel */,
			);
			path = Auth;
			sourceTree = "<group>";
		};
		82250BEF2EA34BF20023B10D /* Features */ = {
			isa = PBXGroup;
			children = (
				82250BEE2EA34BF20023B10D /* Auth */,
				82A0011C2EFF000000000002 /* Cues */,
			);
			path = Features;
			sourceTree = SOURCE_ROOT;
		};
		82250BF42EA34BF20023B10D /* Strings */ = {
			isa = PBXGroup;
			children = (
				82250BF32EA34BF20023B10D /* Localizable.strings */,
			);
			path = Strings;
			sourceTree = "<group>";
		};
		82250BF52EA34BF20023B10D /* Resources */ = {
			isa = PBXGroup;
			children = (
				82250BF42EA34BF20023B10D /* Strings */,
				8208623D2ECAA97200D08D17 /* Assets.xcassets */,
			);
			path = Resources;
			sourceTree = SOURCE_ROOT;
		};
		82250BFE2EA34BF20023B10D /* Views */ = {
			isa = PBXGroup;
			children = (
				82B37D8F2EE59BC7007CD37D /* RecordingControlView.swift */,
				82B37D852EE5904E007CD37D /* AudioPlayerView.swift */,
				82B37D862EE5904E007CD37D /* HistoryView.swift */,
				82B37D872EE5904E007CD37D /* RecordingHistoryCardView.swift */,
				82250BFA2EA34BF20023B10D /* HomeView.swift */,
				82250BFB2EA34BF20023B10D /* LoginView.swift */,
				82250BFC2EA34BF20023B10D /* RootTabView.swift */,
				82250BFD2EA34BF20023B10D /* SettingsView.swift */,
				82A001162EFF000000000002 /* CueDetailView.swift */,
				82CUEHIS02FFF000000000001 /* CueHistoryView.swift */,
				82RECDTL02FFF000000000001 /* RecordingDetailView.swift */,
				82REPORT42FFF000000000001 /* RecordingReportView.swift */,
			);
			path = Views;
			sourceTree = "<group>";
		};
		82250BFF2EA34BF20023B10D /* UI */ = {
			isa = PBXGroup;
			children = (
				82D5A0002F0E000000000001 /* DesignSystem.swift */,
				82FFF01E2FFF000000000001 /* Theme */,
				82COMP092FFF000000000001 /* Components */,
				82250BFE2EA34BF20023B10D /* Views */,
			);
			path = UI;
			sourceTree = SOURCE_ROOT;
		};
		82A0011C2EFF000000000002 /* Cues */ = {
			isa = PBXGroup;
			children = (
				82A0011D2EFF000000000002 /* Models */,
				82A0011E2EFF000000000002 /* Repositories */,
				82A0011F2EFF000000000002 /* ViewModel */,
			);
			path = Cues;
			sourceTree = "<group>";
		};
		82A0011D2EFF000000000002 /* Models */ = {
			isa = PBXGroup;
			children = (
				82B37D7D2EE58FE0007CD37D /* RecordingDTOs.swift */,
				82A001122EFF000000000002 /* CueDTOs.swift */,
			);
			path = Models;
			sourceTree = "<group>";
		};
		82A0011E2EFF000000000002 /* Repositories */ = {
			isa = PBXGroup;
			children = (
				82B37D7F2EE58FF6007CD37D /* RecordingRepository.swift */,
				82A001132EFF000000000002 /* CueRepository.swift */,
				82A001142EFF000000000002 /* ActiveProfileHelper.swift */,
			);
			path = Repositories;
			sourceTree = "<group>";
		};
		82A0011F2EFF000000000002 /* ViewModel */ = {
			isa = PBXGroup;
			children = (
				82B37D8B2EE59B2F007CD37D /* CueDetailViewModel.swift */,
				82CUEHVM02FFF000000000001 /* CueHistoryViewModel.swift */,
				82B37D812EE59023007CD37D /* HistoryViewModel.swift */,
				82A001152EFF000000000002 /* HomeViewModel.swift */,
				82RECDVM02FFF000000000001 /* RecordingDetailViewModel.swift */,
			);
			path = ViewModel;
			sourceTree = "<group>";
		};
		82COMP092FFF000000000001 /* Components */ = {
			isa = PBXGroup;
			children = (
				82COMP022FFF000000000001 /* Card.swift */,
				82COMP042FFF000000000001 /* Badge.swift */,
				82COMP062FFF000000000001 /* EmptyState.swift */,
				82COMP082FFF000000000001 /* FormTextField.swift */,
			);
			path = Components;
			sourceTree = "<group>";
		};
		82FFF0092FFF000000000001 /* Observability */ = {
			isa = PBXGroup;
			children = (
				82FFF0082FFF000000000001 /* NetworkLogStore.swift */,
				82FFF0162FFF000000000001 /* Log.swift */,
				82FFF0172FFF000000000001 /* Analytics.swift */,
			);
			path = Observability;
			sourceTree = "<group>";
		};
		82FFF00D2FFF000000000001 /* DeepLink */ = {
			isa = PBXGroup;
			children = (
				82FFF00C2FFF000000000001 /* DeepLinkParser.swift */,
			);
			path = DeepLink;
			sourceTree = "<group>";
		};
		82FFF0122FFF000000000001 /* Storage */ = {
			isa = PBXGroup;
			children = (
				82CACHE022FFF000000000001 /* CacheManager.swift */,
				82CACHE042FFF000000000001 /* CachedCueRepository.swift */,
				82CACHE062FFF000000000001 /* CachedRecordingRepository.swift */,
			);
			path = Storage;
			sourceTree = "<group>";
		};
		82FFF0132FFF000000000001 /* Audio */ = {
			isa = PBXGroup;
			children = (
				82AUDIO022FFF000000000001 /* AudioRecorder.swift */,
				82AUDIO042FFF000000000001 /* AudioPlayer.swift */,
				82AUDIO062FFF000000000001 /* AudioPlaybackCoordinator.swift */,
			);
			path = Audio;
			sourceTree = "<group>";
		};
		82FFF01E2FFF000000000001 /* Theme */ = {
			isa = PBXGroup;
			children = (
				82FFF0182FFF000000000001 /* Spacing.swift */,
				82FFF0192FFF000000000001 /* Typography.swift */,
			);
			path = Theme;
			sourceTree = "<group>";
		};
/* End PBXGroup section */

/* Begin PBXNativeTarget section */
		82250BAB2EA34A1B0023B10D /* Chatterbox */ = {
			isa = PBXNativeTarget;
			buildConfigurationList = 82250BD12EA34A1D0023B10D /* Build configuration list for PBXNativeTarget "Chatterbox" */;
			buildPhases = (
				82250BA82EA34A1B0023B10D /* Sources */,
				82250BA92EA34A1B0023B10D /* Frameworks */,
				82250BAA2EA34A1B0023B10D /* Resources */,
			);
			buildRules = (
			);
			dependencies = (
			);
			name = Chatterbox;
			packageProductDependencies = (
			);
			productName = Chatterbox;
			productReference = 82250BAC2EA34A1B0023B10D /* Chatterbox.app */;
			productType = "com.apple.product-type.application";
		};
/* End PBXNativeTarget section */

/* Begin PBXProject section */
		82250BA42EA34A1B0023B10D /* Project object */ = {
			isa = PBXProject;
			attributes = {
				BuildIndependentTargetsInParallel = 1;
				LastSwiftUpdateCheck = 1620;
				LastUpgradeCheck = 2610;
				TargetAttributes = {
					82250BAB2EA34A1B0023B10D = {
						CreatedOnToolsVersion = 16.2;
					};
				};
			};
			buildConfigurationList = 82250BA72EA34A1B0023B10D /* Build configuration list for PBXProject "Chatterbox" */;
			developmentRegion = en;
			hasScannedForEncodings = 0;
			knownRegions = (
				en,
				Base,
			);
			mainGroup = 82250BA32EA34A1B0023B10D;
			minimizedProjectReferenceProxies = 1;
			preferredProjectObjectVersion = 77;
			productRefGroup = 82250BAD2EA34A1B0023B10D /* Products */;
			projectDirPath = "";
			projectRoot = "";
			targets = (
				82250BAB2EA34A1B0023B10D /* Chatterbox */,
			);
		};
/* End PBXProject section */

/* Begin PBXResourcesBuildPhase section */
		82250BAA2EA34A1B0023B10D /* Resources */ = {
			isa = PBXResourcesBuildPhase;
			buildActionMask = 2147483647;
			files = (
				8208623E2ECAA97200D08D17 /* Assets.xcassets in Resources */,
				82250C3D2EA34BF20023B10D /* Localizable.strings in Resources */,
			);
			runOnlyForDeploymentPostprocessing = 0;
		};
/* End PBXResourcesBuildPhase section */

/* Begin PBXSourcesBuildPhase section */
		82250BA82EA34A1B0023B10D /* Sources */ = {
			isa = PBXSourcesBuildPhase;
			buildActionMask = 2147483647;
			files = (
				82250C2A2EA34BF20023B10D /* RootTabView.swift in Sources */,
				82250C2B2EA34BF20023B10D /* CompositionRoot.swift in Sources */,
				82250C2C2EA34BF20023B10D /* AuthRepository.swift in Sources */,
				82B37D8C2EE59B2F007CD37D /* CueDetailViewModel.swift in Sources */,
				82250C2D2EA34BF20023B10D /* AuthViewModel.swift in Sources */,
				82250C2E2EA34BF20023B10D /* Environment.swift in Sources */,
				82250C2F2EA34BF20023B10D /* HomeView.swift in Sources */,
				82250C332EA34BF20023B10D /* AuthUseCases.swift in Sources */,
				82250C342EA34BF20023B10D /* SettingsView.swift in Sources */,
				82250C352EA34BF20023B10D /* APIClient.swift in Sources */,
				82250C372EA34BF20023B10D /* LoginView.swift in Sources */,
				82250C382EA34BF20023B10D /* ChatterboxApp.swift in Sources */,
				82250C392EA34BF20023B10D /* Strings.swift in Sources */,
				82250C3A2EA34BF20023B10D /* TokenManager.swift in Sources */,
				82AUDIO012FFF000000000001 /* AudioRecorder.swift in Sources */,
				82AUDIO032FFF000000000001 /* AudioPlayer.swift in Sources */,
				82AUDIO052FFF000000000001 /* AudioPlaybackCoordinator.swift in Sources */,
				82250C3B2EA34BF20023B10D /* AuthDTOs.swift in Sources */,
				82A001002EFF000000000001 /* ProfileDTOs.swift in Sources */,
				82B37D822EE59023007CD37D /* HistoryViewModel.swift in Sources */,
				82A001012EFF000000000001 /* AccountRepository.swift in Sources */,
				82A001022EFF000000000001 /* SettingsViewModel.swift in Sources */,
				82A001172EFF000000000002 /* CueDTOs.swift in Sources */,
				82A001182EFF000000000002 /* CueRepository.swift in Sources */,
				82A001192EFF000000000002 /* ActiveProfileHelper.swift in Sources */,
				82A0011A2EFF000000000002 /* HomeViewModel.swift in Sources */,
				82A0011B2EFF000000000002 /* CueDetailView.swift in Sources */,
				82CUEHIS12FFF000000000001 /* CueHistoryView.swift in Sources */,
				82B37D7C2EE51873007CD37D /* SessionManager.swift in Sources */,
				82D5A0012F0E000000000001 /* DesignSystem.swift in Sources */,
				82FFF0012FFF000000000001 /* FeatureFlag.swift in Sources */,
				82B37D802EE58FF6007CD37D /* RecordingRepository.swift in Sources */,
				82FFF0022FFF000000000001 /* RuntimeConfig.swift in Sources */,
				82FFF0032FFF000000000001 /* RuntimeConfigProvider.swift in Sources */,
				82FFF0072FFF000000000001 /* NetworkLogStore.swift in Sources */,
				82B37D7E2EE58FE0007CD37D /* RecordingDTOs.swift in Sources */,
				82FFF0142FFF000000000001 /* Log.swift in Sources */,
				82FFF0152FFF000000000001 /* Analytics.swift in Sources */,
				82FFF00B2FFF000000000001 /* DeepLinkParser.swift in Sources */,
				82FFF01C2FFF000000000001 /* Spacing.swift in Sources */,
				82FFF01D2FFF000000000001 /* Typography.swift in Sources */,
				82FFF01F2FFF000000000001 /* Endpoints.swift in Sources */,
				82B37D882EE5904E007CD37D /* HistoryView.swift in Sources */,
				82B37D892EE5904E007CD37D /* AudioPlayerView.swift in Sources */,
				82B37D8A2EE5904E007CD37D /* RecordingHistoryCardView.swift in Sources */,
				82RECDTL12FFF000000000001 /* RecordingDetailView.swift in Sources */,
				82CUEHVM12FFF000000000001 /* CueHistoryViewModel.swift in Sources */,
				82RECDVM12FFF000000000001 /* RecordingDetailViewModel.swift in Sources */,
				82REPORT32FFF000000000001 /* RecordingReportView.swift in Sources */,
				82FFF0202FFF000000000001 /* AppCoordinator.swift in Sources */,
				82B37D902EE59BC7007CD37D /* RecordingControlView.swift in Sources */,
				82FFF0212FFF000000000001 /* LocalizationProvider.swift in Sources */,
				82COMP012FFF000000000001 /* Card.swift in Sources */,
				82COMP032FFF000000000001 /* Badge.swift in Sources */,
				82COMP052FFF000000000001 /* EmptyState.swift in Sources */,
				82COMP072FFF000000000001 /* FormTextField.swift in Sources */,
				82CACHE012FFF000000000001 /* CacheManager.swift in Sources */,
				82CACHE032FFF000000000001 /* CachedCueRepository.swift in Sources */,
				82CACHE052FFF000000000001 /* CachedRecordingRepository.swift in Sources */,
			);
			runOnlyForDeploymentPostprocessing = 0;
		};
/* End PBXSourcesBuildPhase section */

/* Begin PBXVariantGroup section */
		82250BF32EA34BF20023B10D /* Localizable.strings */ = {
			isa = PBXVariantGroup;
			children = (
				82250BF22EA34BF20023B10D /* en */,
			);
			name = Localizable.strings;
			sourceTree = "<group>";
		};
/* End PBXVariantGroup section */

/* Begin XCBuildConfiguration section */
		82250BCF2EA34A1D0023B10D /* Debug */ = {
			isa = XCBuildConfiguration;
			buildSettings = {
				ALWAYS_SEARCH_USER_PATHS = NO;
				ASSETCATALOG_COMPILER_GENERATE_SWIFT_ASSET_SYMBOL_EXTENSIONS = YES;
				CLANG_ANALYZER_NONNULL = YES;
				CLANG_ANALYZER_NUMBER_OBJECT_CONVERSION = YES_AGGRESSIVE;
				CLANG_CXX_LANGUAGE_STANDARD = "gnu++20";
				CLANG_ENABLE_MODULES = YES;
				CLANG_ENABLE_OBJC_ARC = YES;
				CLANG_ENABLE_OBJC_WEAK = YES;
				CLANG_WARN_BLOCK_CAPTURE_AUTORELEASING = YES;
				CLANG_WARN_BOOL_CONVERSION = YES;
				CLANG_WARN_COMMA = YES;
				CLANG_WARN_CONSTANT_CONVERSION = YES;
				CLANG_WARN_DEPRECATED_OBJC_IMPLEMENTATIONS = YES;
				CLANG_WARN_DIRECT_OBJC_ISA_USAGE = YES_ERROR;
				CLANG_WARN_DOCUMENTATION_COMMENTS = YES;
				CLANG_WARN_EMPTY_BODY = YES;
				CLANG_WARN_ENUM_CONVERSION = YES;
				CLANG_WARN_INFINITE_RECURSION = YES;
				CLANG_WARN_INT_CONVERSION = YES;
				CLANG_WARN_NON_LITERAL_NULL_CONVERSION = YES;
				CLANG_WARN_OBJC_IMPLICIT_RETAIN_SELF = YES;
				CLANG_WARN_OBJC_LITERAL_CONVERSION = YES;
				CLANG_WARN_OBJC_ROOT_CLASS = YES_ERROR;
				CLANG_WARN_QUOTED_INCLUDE_IN_FRAMEWORK_HEADER = YES;
				CLANG_WARN_RANGE_LOOP_ANALYSIS = YES;
				CLANG_WARN_STRICT_PROTOTYPES = YES;
				CLANG_WARN_SUSPICIOUS_MOVE = YES;
				CLANG_WARN_UNGUARDED_AVAILABILITY = YES_AGGRESSIVE;
				CLANG_WARN_UNREACHABLE_CODE = YES;
				CLANG_WARN__DUPLICATE_METHOD_MATCH = YES;
				COPY_PHASE_STRIP = NO;
				DEAD_CODE_STRIPPING = YES;
				DEBUG_INFORMATION_FORMAT = dwarf;
				DEVELOPMENT_ASSET_PATHS = "";
				DEVELOPMENT_TEAM = 37M6N7ZKYM;
				ENABLE_STRICT_OBJC_MSGSEND = YES;
				ENABLE_TESTABILITY = YES;
				ENABLE_USER_SCRIPT_SANDBOXING = YES;
				GCC_C_LANGUAGE_STANDARD = gnu17;
				GCC_DYNAMIC_NO_PIC = NO;
				GCC_NO_COMMON_BLOCKS = YES;
				GCC_OPTIMIZATION_LEVEL = 0;
				GCC_PREPROCESSOR_DEFINITIONS = (
					"DEBUG=1",
					"$(inherited)",
				);
				GCC_WARN_64_TO_32_BIT_CONVERSION = YES;
				GCC_WARN_ABOUT_RETURN_TYPE = YES_ERROR;
				GCC_WARN_UNDECLARED_SELECTOR = YES;
				GCC_WARN_UNINITIALIZED_AUTOS = YES_AGGRESSIVE;
				GCC_WARN_UNUSED_FUNCTION = YES;
				GCC_WARN_UNUSED_VARIABLE = YES;
				LOCALIZATION_PREFERS_STRING_CATALOGS = YES;
				MTL_ENABLE_DEBUG_INFO = INCLUDE_SOURCE;
				MTL_FAST_MATH = YES;
				ONLY_ACTIVE_ARCH = YES;
				STRING_CATALOG_GENERATE_SYMBOLS = YES;
				SWIFT_ACTIVE_COMPILATION_CONDITIONS = "DEBUG $(inherited)";
				SWIFT_OPTIMIZATION_LEVEL = "-Onone";
			};
			name = Debug;
		};
		82250BD02EA34A1D0023B10D /* Release */ = {
			isa = XCBuildConfiguration;
			buildSettings = {
				ALWAYS_SEARCH_USER_PATHS = NO;
				ASSETCATALOG_COMPILER_GENERATE_SWIFT_ASSET_SYMBOL_EXTENSIONS = YES;
				CLANG_ANALYZER_NONNULL = YES;
				CLANG_ANALYZER_NUMBER_OBJECT_CONVERSION = YES_AGGRESSIVE;
				CLANG_CXX_LANGUAGE_STANDARD = "gnu++20";
				CLANG_ENABLE_MODULES = YES;
				CLANG_ENABLE_OBJC_ARC = YES;
				CLANG_ENABLE_OBJC_WEAK = YES;
				CLANG_WARN_BLOCK_CAPTURE_AUTORELEASING = YES;
				CLANG_WARN_BOOL_CONVERSION = YES;
				CLANG_WARN_COMMA = YES;
				CLANG_WARN_CONSTANT_CONVERSION = YES;
				CLANG_WARN_DEPRECATED_OBJC_IMPLEMENTATIONS = YES;
				CLANG_WARN_DIRECT_OBJC_ISA_USAGE = YES_ERROR;
				CLANG_WARN_DOCUMENTATION_COMMENTS = YES;
				CLANG_WARN_EMPTY_BODY = YES;
				CLANG_WARN_ENUM_CONVERSION = YES;
				CLANG_WARN_INFINITE_RECURSION = YES;
				CLANG_WARN_INT_CONVERSION = YES;
				CLANG_WARN_NON_LITERAL_NULL_CONVERSION = YES;
				CLANG_WARN_OBJC_IMPLICIT_RETAIN_SELF = YES;
				CLANG_WARN_OBJC_LITERAL_CONVERSION = YES;
				CLANG_WARN_OBJC_ROOT_CLASS = YES_ERROR;
				CLANG_WARN_QUOTED_INCLUDE_IN_FRAMEWORK_HEADER = YES;
				CLANG_WARN_RANGE_LOOP_ANALYSIS = YES;
				CLANG_WARN_STRICT_PROTOTYPES = YES;
				CLANG_WARN_SUSPICIOUS_MOVE = YES;
				CLANG_WARN_UNGUARDED_AVAILABILITY = YES_AGGRESSIVE;
				CLANG_WARN_UNREACHABLE_CODE = YES;
				CLANG_WARN__DUPLICATE_METHOD_MATCH = YES;
				COPY_PHASE_STRIP = NO;
				DEAD_CODE_STRIPPING = YES;
				DEBUG_INFORMATION_FORMAT = "dwarf-with-dsym";
				DEVELOPMENT_ASSET_PATHS = "";
				DEVELOPMENT_TEAM = 37M6N7ZKYM;
				ENABLE_NS_ASSERTIONS = NO;
				ENABLE_STRICT_OBJC_MSGSEND = YES;
				ENABLE_USER_SCRIPT_SANDBOXING = YES;
				GCC_C_LANGUAGE_STANDARD = gnu17;
				GCC_NO_COMMON_BLOCKS = YES;
				GCC_WARN_64_TO_32_BIT_CONVERSION = YES;
				GCC_WARN_ABOUT_RETURN_TYPE = YES_ERROR;
				GCC_WARN_UNDECLARED_SELECTOR = YES;
				GCC_WARN_UNINITIALIZED_AUTOS = YES_AGGRESSIVE;
				GCC_WARN_UNUSED_FUNCTION = YES;
				GCC_WARN_UNUSED_VARIABLE = YES;
				LOCALIZATION_PREFERS_STRING_CATALOGS = YES;
				MTL_ENABLE_DEBUG_INFO = NO;
				MTL_FAST_MATH = YES;
				STRING_CATALOG_GENERATE_SYMBOLS = YES;
				SWIFT_COMPILATION_MODE = wholemodule;
			};
			name = Release;
		};
		82250BD22EA34A1D0023B10D /* Debug */ = {
			isa = XCBuildConfiguration;
			buildSettings = {
				ASSETCATALOG_COMPILER_APPICON_NAME = AppIcon;
				ASSETCATALOG_COMPILER_GLOBAL_ACCENT_COLOR_NAME = AccentColor;
				CODE_SIGN_ALLOW_ENTITLEMENTS_MODIFICATION = YES;
				CODE_SIGN_ENTITLEMENTS = Chatterbox.entitlements;
				CODE_SIGN_STYLE = Automatic;
				CURRENT_PROJECT_VERSION = 1;
				DEAD_CODE_STRIPPING = YES;
				DEVELOPMENT_ASSET_PATHS = "";
				ENABLE_HARDENED_RUNTIME = YES;
				ENABLE_PREVIEWS = YES;
				GENERATE_INFOPLIST_FILE = YES;
				INFOPLIST_FILE = "Chatterbox-Info.plist";
				INFOPLIST_KEY_CFBundleDisplayName = Chatterbox;
				INFOPLIST_KEY_LSApplicationCategoryType = "public.app-category.education";
				INFOPLIST_KEY_NSMicrophoneUsageDescription = "Chatterbox needs access to your microphone to record your speaking practice.";
				"INFOPLIST_KEY_UIApplicationSceneManifest_Generation[sdk=iphoneos*]" = YES;
				"INFOPLIST_KEY_UIApplicationSceneManifest_Generation[sdk=iphonesimulator*]" = YES;
				"INFOPLIST_KEY_UIApplicationSupportsIndirectInputEvents[sdk=iphoneos*]" = YES;
				"INFOPLIST_KEY_UIApplicationSupportsIndirectInputEvents[sdk=iphonesimulator*]" = YES;
				"INFOPLIST_KEY_UILaunchScreen_Generation[sdk=iphoneos*]" = YES;
				"INFOPLIST_KEY_UILaunchScreen_Generation[sdk=iphonesimulator*]" = YES;
				"INFOPLIST_KEY_UIStatusBarStyle[sdk=iphoneos*]" = UIStatusBarStyleDefault;
				"INFOPLIST_KEY_UIStatusBarStyle[sdk=iphonesimulator*]" = UIStatusBarStyleDefault;
				INFOPLIST_KEY_UISupportedInterfaceOrientations_iPad = "UIInterfaceOrientationPortrait UIInterfaceOrientationPortraitUpsideDown UIInterfaceOrientationLandscapeLeft UIInterfaceOrientationLandscapeRight";
				INFOPLIST_KEY_UISupportedInterfaceOrientations_iPhone = "UIInterfaceOrientationPortrait UIInterfaceOrientationLandscapeLeft UIInterfaceOrientationLandscapeRight";
				IPHONEOS_DEPLOYMENT_TARGET = 17.0;
				LD_RUNPATH_SEARCH_PATHS = "@executable_path/Frameworks";
				"LD_RUNPATH_SEARCH_PATHS[sdk=macosx*]" = "@executable_path/../Frameworks";
				MACOSX_DEPLOYMENT_TARGET = 14.7;
				MARKETING_VERSION = 1.1.3;
				PRODUCT_BUNDLE_IDENTIFIER = com.chatterboxtalk;
				PRODUCT_NAME = "$(TARGET_NAME)";
				SDKROOT = auto;
				SUPPORTED_PLATFORMS = "iphoneos iphonesimulator";
				SWIFT_EMIT_LOC_STRINGS = YES;
				SWIFT_VERSION = 5.9;
				TARGETED_DEVICE_FAMILY = "1,2,7";
				XROS_DEPLOYMENT_TARGET = 2.2;
			};
			name = Debug;
		};
		82250BD32EA34A1D0023B10D /* Release */ = {
			isa = XCBuildConfiguration;
			buildSettings = {
				ASSETCATALOG_COMPILER_APPICON_NAME = AppIcon;
				ASSETCATALOG_COMPILER_GLOBAL_ACCENT_COLOR_NAME = AccentColor;
				CODE_SIGN_ENTITLEMENTS = Chatterbox.entitlements;
				CODE_SIGN_STYLE = Automatic;
				CURRENT_PROJECT_VERSION = 1;
				DEAD_CODE_STRIPPING = YES;
				DEVELOPMENT_ASSET_PATHS = "";
				ENABLE_HARDENED_RUNTIME = YES;
				ENABLE_PREVIEWS = YES;
				GENERATE_INFOPLIST_FILE = YES;
				INFOPLIST_FILE = "Chatterbox-Info.plist";
				INFOPLIST_KEY_CFBundleDisplayName = Chatterbox;
				INFOPLIST_KEY_LSApplicationCategoryType = "public.app-category.education";
				INFOPLIST_KEY_NSMicrophoneUsageDescription = "Chatterbox needs access to your microphone to record your speaking practice.";
				"INFOPLIST_KEY_UIApplicationSceneManifest_Generation[sdk=iphoneos*]" = YES;
				"INFOPLIST_KEY_UIApplicationSceneManifest_Generation[sdk=iphonesimulator*]" = YES;
				"INFOPLIST_KEY_UIApplicationSupportsIndirectInputEvents[sdk=iphoneos*]" = YES;
				"INFOPLIST_KEY_UIApplicationSupportsIndirectInputEvents[sdk=iphonesimulator*]" = YES;
				"INFOPLIST_KEY_UILaunchScreen_Generation[sdk=iphoneos*]" = YES;
				"INFOPLIST_KEY_UILaunchScreen_Generation[sdk=iphonesimulator*]" = YES;
				"INFOPLIST_KEY_UIStatusBarStyle[sdk=iphoneos*]" = UIStatusBarStyleDefault;
				"INFOPLIST_KEY_UIStatusBarStyle[sdk=iphonesimulator*]" = UIStatusBarStyleDefault;
				INFOPLIST_KEY_UISupportedInterfaceOrientations_iPad = "UIInterfaceOrientationPortrait UIInterfaceOrientationPortraitUpsideDown UIInterfaceOrientationLandscapeLeft UIInterfaceOrientationLandscapeRight";
				INFOPLIST_KEY_UISupportedInterfaceOrientations_iPhone = "UIInterfaceOrientationPortrait UIInterfaceOrientationLandscapeLeft UIInterfaceOrientationLandscapeRight";
				IPHONEOS_DEPLOYMENT_TARGET = 17.0;
				LD_RUNPATH_SEARCH_PATHS = "@executable_path/Frameworks";
				"LD_RUNPATH_SEARCH_PATHS[sdk=macosx*]" = "@executable_path/../Frameworks";
				MACOSX_DEPLOYMENT_TARGET = 14.7;
				MARKETING_VERSION = 1.1.3;
				PRODUCT_BUNDLE_IDENTIFIER = com.chatterboxtalk;
				PRODUCT_NAME = "$(TARGET_NAME)";
				SDKROOT = auto;
				SUPPORTED_PLATFORMS = "iphoneos iphonesimulator";
				SWIFT_EMIT_LOC_STRINGS = YES;
				SWIFT_VERSION = 5.9;
				TARGETED_DEVICE_FAMILY = "1,2,7";
				XROS_DEPLOYMENT_TARGET = 2.2;
			};
			name = Release;
		};
/* End XCBuildConfiguration section */

/* Begin XCConfigurationList section */
		82250BA72EA34A1B0023B10D /* Build configuration list for PBXProject "Chatterbox" */ = {
			isa = XCConfigurationList;
			buildConfigurations = (
				82250BCF2EA34A1D0023B10D /* Debug */,
				82250BD02EA34A1D0023B10D /* Release */,
			);
			defaultConfigurationIsVisible = 0;
			defaultConfigurationName = Release;
		};
		82250BD12EA34A1D0023B10D /* Build configuration list for PBXNativeTarget "Chatterbox" */ = {
			isa = XCConfigurationList;
			buildConfigurations = (
				82250BD22EA34A1D0023B10D /* Debug */,
				82250BD32EA34A1D0023B10D /* Release */,
			);
			defaultConfigurationIsVisible = 0;
			defaultConfigurationName = Release;
		};
/* End XCConfigurationList section */
	};
	rootObject = 82250BA42EA34A1B0023B10D /* Project object */;
}
